
Microsoft Visual Studio Solution File, Format Version 12.00
# Visual Studio Version 17
VisualStudioVersion = 17.4.33213.308
MinimumVisualStudioVersion = 10.0.40219.1
Project("{FAE04EC0-301F-11D3-BF4B-00C04F79EFBC}") = "NotesKeeperDotNet", "NotesKeeperDotNet.csproj", "{9319CD28-8222-4D5A-86BA-49CD12F0E43E}"
EndProject
Global
	GlobalSection(SolutionConfigurationPlatforms) = preSolution
		Debug|Any CPU = Debug|Any CPU
		Release|Any CPU = Release|Any CPU
	EndGlobalSection
	GlobalSection(ProjectConfigurationPlatforms) = postSolution
		{9319CD28-8222-4D5A-86BA-49CD12F0E43E}.Debug|Any CPU.ActiveCfg = Debug|Any CPU
		{9319CD28-8222-4D5A-86BA-49CD12F0E43E}.Debug|Any CPU.Build.0 = Debug|Any CPU
		{9319CD28-8222-4D5A-86BA-49CD12F0E43E}.Release|Any CPU.ActiveCfg = Release|Any CPU
		{9319CD28-8222-4D5A-86BA-49CD12F0E43E}.Release|Any CPU.Build.0 = Release|Any CPU
	EndGlobalSection
	GlobalSection(SolutionProperties) = preSolution
		HideSolutionNode = FALSE
	EndGlobalSection
	GlobalSection(ExtensibilityGlobals) = postSolution
		SolutionGuid = {EEE72337-5D67-4E9A-BFE5-4E669EAC9F0F}
	EndGlobalSection
EndGlobal
